{
    "_meta": {
        "hash": {
            "sha256": "087cbe86f2945f85df341f0022eba09e19748da41c5556340cb4623717fa270d"
        },
        "pipfile-spec": 6,
        "requires": {
            "python_version": "3.8"
        },
        "sources": [
            {
                "name": "pypi",
                "url": "https://pypi.org/simple",
                "verify_ssl": true
            }
        ]
    },
    "default": {},
    "develop": {}
}
